
Microsoft Visual Studio Solution File, Format Version 12.00
# Visual Studio 2013
VisualStudioVersion = 12.0.30501.0
MinimumVisualStudioVersion = 10.0.40219.1
Project("{FAE04EC0-301F-11D3-BF4B-00C04F79EFBC}") = "Magic2D", "Magic2D\Magic2D.csproj", "{AC3D5F10-399E-4A84-A5BD-6721BA92E0EA}"
EndProject
Project("{FAE04EC0-301F-11D3-BF4B-00C04F79EFBC}") = "Magic2DTest", "Magic2DTest\Magic2DTest.csproj", "{880C7766-7B77-4ED5-A3E9-EF6119D09B90}"
EndProject
Project("{2150E333-8FDC-42A3-9474-1A3956D46DE8}") = "Solution Items", "Solution Items", "{2732C6B3-C04B-44D2-AF5B-A29B91E1690F}"
	ProjectSection(SolutionItems) = preProject
		Local.testsettings = Local.testsettings
		Magic2D.vsmdi = Magic2D.vsmdi
		TraceAndTestImpact.testsettings = TraceAndTestImpact.testsettings
	EndProjectSection
EndProject
Project("{FAE04EC0-301F-11D3-BF4B-00C04F79EFBC}") = "FLib", "FLib\FLib.csproj", "{6CDD0F06-50D4-4522-9097-8C4D49D43B0F}"
EndProject
Project("{FAE04EC0-301F-11D3-BF4B-00C04F79EFBC}") = "Patchwork", "Patchwork\Patchwork.csproj", "{FA672845-F736-49C3-A5A1-62359141FFA7}"
EndProject
Project("{FAE04EC0-301F-11D3-BF4B-00C04F79EFBC}") = "PatchworkLib", "PatchworkLib\PatchworkLib.csproj", "{EF4E2902-FA7C-4ABE-AC88-F7BCB4284DBA}"
EndProject
Project("{FAE04EC0-301F-11D3-BF4B-00C04F79EFBC}") = "FLib.SharpDX", "FLib.SharpDX\FLib.SharpDX.csproj", "{4C5C40B0-4EF0-477E-BE70-A8FB789E4644}"
EndProject
Global
	GlobalSection(SolutionConfigurationPlatforms) = preSolution
		Debug|Any CPU = Debug|Any CPU
		Debug|Mixed Platforms = Debug|Mixed Platforms
		Debug|Win32 = Debug|Win32
		Debug|x86 = Debug|x86
		Release|Any CPU = Release|Any CPU
		Release|Mixed Platforms = Release|Mixed Platforms
		Release|Win32 = Release|Win32
		Release|x86 = Release|x86
	EndGlobalSection
	GlobalSection(ProjectConfigurationPlatforms) = postSolution
		{AC3D5F10-399E-4A84-A5BD-6721BA92E0EA}.Debug|Any CPU.ActiveCfg = Debug|x86
		{AC3D5F10-399E-4A84-A5BD-6721BA92E0EA}.Debug|Mixed Platforms.ActiveCfg = Debug|x86
		{AC3D5F10-399E-4A84-A5BD-6721BA92E0EA}.Debug|Mixed Platforms.Build.0 = Debug|x86
		{AC3D5F10-399E-4A84-A5BD-6721BA92E0EA}.Debug|Win32.ActiveCfg = Debug|x86
		{AC3D5F10-399E-4A84-A5BD-6721BA92E0EA}.Debug|x86.ActiveCfg = Debug|x86
		{AC3D5F10-399E-4A84-A5BD-6721BA92E0EA}.Debug|x86.Build.0 = Debug|x86
		{AC3D5F10-399E-4A84-A5BD-6721BA92E0EA}.Release|Any CPU.ActiveCfg = Release|x86
		{AC3D5F10-399E-4A84-A5BD-6721BA92E0EA}.Release|Mixed Platforms.ActiveCfg = Release|x86
		{AC3D5F10-399E-4A84-A5BD-6721BA92E0EA}.Release|Mixed Platforms.Build.0 = Release|x86
		{AC3D5F10-399E-4A84-A5BD-6721BA92E0EA}.Release|Win32.ActiveCfg = Release|x86
		{AC3D5F10-399E-4A84-A5BD-6721BA92E0EA}.Release|x86.ActiveCfg = Release|x86
		{AC3D5F10-399E-4A84-A5BD-6721BA92E0EA}.Release|x86.Build.0 = Release|x86
		{880C7766-7B77-4ED5-A3E9-EF6119D09B90}.Debug|Any CPU.ActiveCfg = Debug|Any CPU
		{880C7766-7B77-4ED5-A3E9-EF6119D09B90}.Debug|Any CPU.Build.0 = Debug|Any CPU
		{880C7766-7B77-4ED5-A3E9-EF6119D09B90}.Debug|Mixed Platforms.ActiveCfg = Debug|Any CPU
		{880C7766-7B77-4ED5-A3E9-EF6119D09B90}.Debug|Mixed Platforms.Build.0 = Debug|Any CPU
		{880C7766-7B77-4ED5-A3E9-EF6119D09B90}.Debug|Win32.ActiveCfg = Debug|Any CPU
		{880C7766-7B77-4ED5-A3E9-EF6119D09B90}.Debug|x86.ActiveCfg = Debug|Any CPU
		{880C7766-7B77-4ED5-A3E9-EF6119D09B90}.Release|Any CPU.ActiveCfg = Release|Any CPU
		{880C7766-7B77-4ED5-A3E9-EF6119D09B90}.Release|Any CPU.Build.0 = Release|Any CPU
		{880C7766-7B77-4ED5-A3E9-EF6119D09B90}.Release|Mixed Platforms.ActiveCfg = Release|Any CPU
		{880C7766-7B77-4ED5-A3E9-EF6119D09B90}.Release|Mixed Platforms.Build.0 = Release|Any CPU
		{880C7766-7B77-4ED5-A3E9-EF6119D09B90}.Release|Win32.ActiveCfg = Release|Any CPU
		{880C7766-7B77-4ED5-A3E9-EF6119D09B90}.Release|x86.ActiveCfg = Release|Any CPU
		{6CDD0F06-50D4-4522-9097-8C4D49D43B0F}.Debug|Any CPU.ActiveCfg = Debug|Any CPU
		{6CDD0F06-50D4-4522-9097-8C4D49D43B0F}.Debug|Any CPU.Build.0 = Debug|Any CPU
		{6CDD0F06-50D4-4522-9097-8C4D49D43B0F}.Debug|Mixed Platforms.ActiveCfg = Debug|Any CPU
		{6CDD0F06-50D4-4522-9097-8C4D49D43B0F}.Debug|Mixed Platforms.Build.0 = Debug|Any CPU
		{6CDD0F06-50D4-4522-9097-8C4D49D43B0F}.Debug|Win32.ActiveCfg = Debug|Any CPU
		{6CDD0F06-50D4-4522-9097-8C4D49D43B0F}.Debug|x86.ActiveCfg = Debug|Any CPU
		{6CDD0F06-50D4-4522-9097-8C4D49D43B0F}.Release|Any CPU.ActiveCfg = Release|Any CPU
		{6CDD0F06-50D4-4522-9097-8C4D49D43B0F}.Release|Any CPU.Build.0 = Release|Any CPU
		{6CDD0F06-50D4-4522-9097-8C4D49D43B0F}.Release|Mixed Platforms.ActiveCfg = Release|Any CPU
		{6CDD0F06-50D4-4522-9097-8C4D49D43B0F}.Release|Mixed Platforms.Build.0 = Release|Any CPU
		{6CDD0F06-50D4-4522-9097-8C4D49D43B0F}.Release|Win32.ActiveCfg = Release|Any CPU
		{6CDD0F06-50D4-4522-9097-8C4D49D43B0F}.Release|x86.ActiveCfg = Release|Any CPU
		{FA672845-F736-49C3-A5A1-62359141FFA7}.Debug|Any CPU.ActiveCfg = Debug|Any CPU
		{FA672845-F736-49C3-A5A1-62359141FFA7}.Debug|Any CPU.Build.0 = Debug|Any CPU
		{FA672845-F736-49C3-A5A1-62359141FFA7}.Debug|Mixed Platforms.ActiveCfg = Debug|Any CPU
		{FA672845-F736-49C3-A5A1-62359141FFA7}.Debug|Mixed Platforms.Build.0 = Debug|Any CPU
		{FA672845-F736-49C3-A5A1-62359141FFA7}.Debug|Win32.ActiveCfg = Debug|Any CPU
		{FA672845-F736-49C3-A5A1-62359141FFA7}.Debug|x86.ActiveCfg = Debug|Any CPU
		{FA672845-F736-49C3-A5A1-62359141FFA7}.Release|Any CPU.ActiveCfg = Release|Any CPU
		{FA672845-F736-49C3-A5A1-62359141FFA7}.Release|Any CPU.Build.0 = Release|Any CPU
		{FA672845-F736-49C3-A5A1-62359141FFA7}.Release|Mixed Platforms.ActiveCfg = Release|Any CPU
		{FA672845-F736-49C3-A5A1-62359141FFA7}.Release|Mixed Platforms.Build.0 = Release|Any CPU
		{FA672845-F736-49C3-A5A1-62359141FFA7}.Release|Win32.ActiveCfg = Release|Any CPU
		{FA672845-F736-49C3-A5A1-62359141FFA7}.Release|x86.ActiveCfg = Release|Any CPU
		{EF4E2902-FA7C-4ABE-AC88-F7BCB4284DBA}.Debug|Any CPU.ActiveCfg = Debug|Any CPU
		{EF4E2902-FA7C-4ABE-AC88-F7BCB4284DBA}.Debug|Any CPU.Build.0 = Debug|Any CPU
		{EF4E2902-FA7C-4ABE-AC88-F7BCB4284DBA}.Debug|Mixed Platforms.ActiveCfg = Debug|Any CPU
		{EF4E2902-FA7C-4ABE-AC88-F7BCB4284DBA}.Debug|Mixed Platforms.Build.0 = Debug|Any CPU
		{EF4E2902-FA7C-4ABE-AC88-F7BCB4284DBA}.Debug|Win32.ActiveCfg = Debug|Any CPU
		{EF4E2902-FA7C-4ABE-AC88-F7BCB4284DBA}.Debug|x86.ActiveCfg = Debug|Any CPU
		{EF4E2902-FA7C-4ABE-AC88-F7BCB4284DBA}.Release|Any CPU.ActiveCfg = Release|Any CPU
		{EF4E2902-FA7C-4ABE-AC88-F7BCB4284DBA}.Release|Any CPU.Build.0 = Release|Any CPU
		{EF4E2902-FA7C-4ABE-AC88-F7BCB4284DBA}.Release|Mixed Platforms.ActiveCfg = Release|Any CPU
		{EF4E2902-FA7C-4ABE-AC88-F7BCB4284DBA}.Release|Mixed Platforms.Build.0 = Release|Any CPU
		{EF4E2902-FA7C-4ABE-AC88-F7BCB4284DBA}.Release|Win32.ActiveCfg = Release|Any CPU
		{EF4E2902-FA7C-4ABE-AC88-F7BCB4284DBA}.Release|x86.ActiveCfg = Release|Any CPU
		{4C5C40B0-4EF0-477E-BE70-A8FB789E4644}.Debug|Any CPU.ActiveCfg = Debug|Any CPU
		{4C5C40B0-4EF0-477E-BE70-A8FB789E4644}.Debug|Any CPU.Build.0 = Debug|Any CPU
		{4C5C40B0-4EF0-477E-BE70-A8FB789E4644}.Debug|Mixed Platforms.ActiveCfg = Debug|Any CPU
		{4C5C40B0-4EF0-477E-BE70-A8FB789E4644}.Debug|Mixed Platforms.Build.0 = Debug|Any CPU
		{4C5C40B0-4EF0-477E-BE70-A8FB789E4644}.Debug|Win32.ActiveCfg = Debug|Any CPU
		{4C5C40B0-4EF0-477E-BE70-A8FB789E4644}.Debug|x86.ActiveCfg = Debug|Any CPU
		{4C5C40B0-4EF0-477E-BE70-A8FB789E4644}.Release|Any CPU.ActiveCfg = Release|Any CPU
		{4C5C40B0-4EF0-477E-BE70-A8FB789E4644}.Release|Any CPU.Build.0 = Release|Any CPU
		{4C5C40B0-4EF0-477E-BE70-A8FB789E4644}.Release|Mixed Platforms.ActiveCfg = Release|Any CPU
		{4C5C40B0-4EF0-477E-BE70-A8FB789E4644}.Release|Mixed Platforms.Build.0 = Release|Any CPU
		{4C5C40B0-4EF0-477E-BE70-A8FB789E4644}.Release|Win32.ActiveCfg = Release|Any CPU
		{4C5C40B0-4EF0-477E-BE70-A8FB789E4644}.Release|x86.ActiveCfg = Release|Any CPU
	EndGlobalSection
	GlobalSection(SolutionProperties) = preSolution
		HideSolutionNode = FALSE
	EndGlobalSection
	GlobalSection(TestCaseManagementSettings) = postSolution
		CategoryFile = Magic2D.vsmdi
	EndGlobalSection
EndGlobal
